// !$*UTF8*$!
{
	archiveVersion = 1;
	classes = {
	};
	objectVersion = 56;
	objects = {

/* Begin PBXBuildFile section */
		6E39912B2BB24ACD00AF3C06 /* AppDelegate.swift in Sources */ = {isa = PBXBuildFile; fileRef = 6E39912A2BB24ACD00AF3C06 /* AppDelegate.swift */; };
		6E39912D2BB24ACD00AF3C06 /* SceneDelegate.swift in Sources */ = {isa = PBXBuildFile; fileRef = 6E39912C2BB24ACD00AF3C06 /* SceneDelegate.swift */; };
		6E39912F2BB24ACD00AF3C06 /* ViewController.swift in Sources */ = {isa = PBXBuildFile; fileRef = 6E39912E2BB24ACD00AF3C06 /* ViewController.swift */; };
		6E3991322BB24ACD00AF3C06 /* Main.storyboard in Resources */ = {isa = PBXBuildFile; fileRef = 6E3991302BB24ACD00AF3C06 /* Main.storyboard */; };
		6E3991342BB24ACF00AF3C06 /* Assets.xcassets in Resources */ = {isa = PBXBuildFile; fileRef = 6E3991332BB24ACF00AF3C06 /* Assets.xcassets */; };
		6E3991372BB24ACF00AF3C06 /* LaunchScreen.storyboard in Resources */ = {isa = PBXBuildFile; fileRef = 6E3991352BB24ACF00AF3C06 /* LaunchScreen.storyboard */; };
		6E3991422BB24ACF00AF3C06 /* VariousFunctionPlayGroundTests.swift in Sources */ = {isa = PBXBuildFile; fileRef = 6E3991412BB24ACF00AF3C06 /* VariousFunctionPlayGroundTests.swift */; };
		6E39914C2BB24ACF00AF3C06 /* VariousFunctionPlayGroundUITests.swift in Sources */ = {isa = PBXBuildFile; fileRef = 6E39914B2BB24ACF00AF3C06 /* VariousFunctionPlayGroundUITests.swift */; };
		6E39914E2BB24ACF00AF3C06 /* VariousFunctionPlayGroundUITestsLaunchTests.swift in Sources */ = {isa = PBXBuildFile; fileRef = 6E39914D2BB24ACF00AF3C06 /* VariousFunctionPlayGroundUITestsLaunchTests.swift */; };
		6E3991732BB24D1500AF3C06 /* fish.png in Resources */ = {isa = PBXBuildFile; fileRef = 6E3991722BB24D1500AF3C06 /* fish.png */; };
		6E3991752BB24FB200AF3C06 /* AnimationViewController.swift in Sources */ = {isa = PBXBuildFile; fileRef = 6E3991742BB24FB200AF3C06 /* AnimationViewController.swift */; };
		6E3991772BB2518600AF3C06 /* SoundViewController.swift in Sources */ = {isa = PBXBuildFile; fileRef = 6E3991762BB2518600AF3C06 /* SoundViewController.swift */; };
		6E3991792BB2519700AF3C06 /* sample.mp3 in Resources */ = {isa = PBXBuildFile; fileRef = 6E3991782BB2519700AF3C06 /* sample.mp3 */; };
		6E39917B2BB253E500AF3C06 /* BrowserViewController.swift in Sources */ = {isa = PBXBuildFile; fileRef = 6E39917A2BB253E500AF3C06 /* BrowserViewController.swift */; };
		6EA4B4B82BB5ACFD00865355 /* MapViewController.swift in Sources */ = {isa = PBXBuildFile; fileRef = 6EA4B4B72BB5ACFD00865355 /* MapViewController.swift */; };
		6EA4B4BA2BB5B1DC00865355 /* sample_image.png in Resources */ = {isa = PBXBuildFile; fileRef = 6EA4B4B92BB5B1DC00865355 /* sample_image.png */; };
		6EA4B4BC2BB5B25300865355 /* ImageFilterViewController.swift in Sources */ = {isa = PBXBuildFile; fileRef = 6EA4B4BB2BB5B25300865355 /* ImageFilterViewController.swift */; };
/* End PBXBuildFile section */

/* Begin PBXContainerItemProxy section */
		6E39913E2BB24ACF00AF3C06 /* PBXContainerItemProxy */ = {
			isa = PBXContainerItemProxy;
			containerPortal = 6E39911F2BB24ACD00AF3C06 /* Project object */;
			proxyType = 1;
			remoteGlobalIDString = 6E3991262BB24ACD00AF3C06;
			remoteInfo = VariousFunctionPlayGround;
		};
		6E3991482BB24ACF00AF3C06 /* PBXContainerItemProxy */ = {
			isa = PBXContainerItemProxy;
			containerPortal = 6E39911F2BB24ACD00AF3C06 /* Project object */;
			proxyType = 1;
			remoteGlobalIDString = 6E3991262BB24ACD00AF3C06;
			remoteInfo = VariousFunctionPlayGround;
		};
/* End PBXContainerItemProxy section */

/* Begin PBXFileReference section */
		6E3991272BB24ACD00AF3C06 /* VariousFunctionPlayGround.app */ = {isa = PBXFileReference; explicitFileType = wrapper.application; includeInIndex = 0; path = VariousFunctionPlayGround.app; sourceTree = BUILT_PRODUCTS_DIR; };
		6E39912A2BB24ACD00AF3C06 /* AppDelegate.swift */ = {isa = PBXFileReference; lastKnownFileType = sourcecode.swift; path = AppDelegate.swift; sourceTree = "<group>"; };
		6E39912C2BB24ACD00AF3C06 /* SceneDelegate.swift */ = {isa = PBXFileReference; lastKnownFileType = sourcecode.swift; path = SceneDelegate.swift; sourceTree = "<group>"; };
		6E39912E2BB24ACD00AF3C06 /* ViewController.swift */ = {isa = PBXFileReference; lastKnownFileType = sourcecode.swift; path = ViewController.swift; sourceTree = "<group>"; };
		6E3991312BB24ACD00AF3C06 /* Base */ = {isa = PBXFileReference; lastKnownFileType = file.storyboard; name = Base; path = Base.lproj/Main.storyboard; sourceTree = "<group>"; };
		6E3991332BB24ACF00AF3C06 /* Assets.xcassets */ = {isa = PBXFileReference; lastKnownFileType = folder.assetcatalog; path = Assets.xcassets; sourceTree = "<group>"; };
		6E3991362BB24ACF00AF3C06 /* Base */ = {isa = PBXFileReference; lastKnownFileType = file.storyboard; name = Base; path = Base.lproj/LaunchScreen.storyboard; sourceTree = "<group>"; };
		6E3991382BB24ACF00AF3C06 /* Info.plist */ = {isa = PBXFileReference; lastKnownFileType = text.plist.xml; path = Info.plist; sourceTree = "<group>"; };
		6E39913D2BB24ACF00AF3C06 /* VariousFunctionPlayGroundTests.xctest */ = {isa = PBXFileReference; explicitFileType = wrapper.cfbundle; includeInIndex = 0; path = VariousFunctionPlayGroundTests.xctest; sourceTree = BUILT_PRODUCTS_DIR; };
		6E3991412BB24ACF00AF3C06 /* VariousFunctionPlayGroundTests.swift */ = {isa = PBXFileReference; lastKnownFileType = sourcecode.swift; path = VariousFunctionPlayGroundTests.swift; sourceTree = "<group>"; };
		6E3991472BB24ACF00AF3C06 /* VariousFunctionPlayGroundUITests.xctest */ = {isa = PBXFileReference; explicitFileType = wrapper.cfbundle; includeInIndex = 0; path = VariousFunctionPlayGroundUITests.xctest; sourceTree = BUILT_PRODUCTS_DIR; };
		6E39914B2BB24ACF00AF3C06 /* VariousFunctionPlayGroundUITests.swift */ = {isa = PBXFileReference; lastKnownFileType = sourcecode.swift; path = VariousFunctionPlayGroundUITests.swift; sourceTree = "<group>"; };
		6E39914D2BB24ACF00AF3C06 /* VariousFunctionPlayGroundUITestsLaunchTests.swift */ = {isa = PBXFileReference; lastKnownFileType = sourcecode.swift; path = VariousFunctionPlayGroundUITestsLaunchTests.swift; sourceTree = "<group>"; };
		6E3991722BB24D1500AF3C06 /* fish.png */ = {isa = PBXFileReference; lastKnownFileType = image.png; path = fish.png; sourceTree = "<group>"; };
		6E3991742BB24FB200AF3C06 /* AnimationViewController.swift */ = {isa = PBXFileReference; lastKnownFileType = sourcecode.swift; path = AnimationViewController.swift; sourceTree = "<group>"; };
		6E3991762BB2518600AF3C06 /* SoundViewController.swift */ = {isa = PBXFileReference; lastKnownFileType = sourcecode.swift; path = SoundViewController.swift; sourceTree = "<group>"; };
		6E3991782BB2519700AF3C06 /* sample.mp3 */ = {isa = PBXFileReference; lastKnownFileType = audio.mp3; path = sample.mp3; sourceTree = "<group>"; };
		6E39917A2BB253E500AF3C06 /* BrowserViewController.swift */ = {isa = PBXFileReference; lastKnownFileType = sourcecode.swift; path = BrowserViewController.swift; sourceTree = "<group>"; };
		6EA4B4B72BB5ACFD00865355 /* MapViewController.swift */ = {isa = PBXFileReference; lastKnownFileType = sourcecode.swift; path = MapViewController.swift; sourceTree = "<group>"; };
		6EA4B4B92BB5B1DC00865355 /* sample_image.png */ = {isa = PBXFileReference; lastKnownFileType = image.png; path = sample_image.png; sourceTree = "<group>"; };
		6EA4B4BB2BB5B25300865355 /* ImageFilterViewController.swift */ = {isa = PBXFileReference; lastKnownFileType = sourcecode.swift; path = ImageFilterViewController.swift; sourceTree = "<group>"; };
/* End PBXFileReference section */

/* Begin PBXFrameworksBuildPhase section */
		6E3991242BB24ACD00AF3C06 /* Frameworks */ = {
			isa = PBXFrameworksBuildPhase;
			buildActionMask = 2147483647;
			files = (
			);
			runOnlyForDeploymentPostprocessing = 0;
		};
		6E39913A2BB24ACF00AF3C06 /* Frameworks */ = {
			isa = PBXFrameworksBuildPhase;
			buildActionMask = 2147483647;
			files = (
			);
			runOnlyForDeploymentPostprocessing = 0;
		};
		6E3991442BB24ACF00AF3C06 /* Frameworks */ = {
			isa = PBXFrameworksBuildPhase;
			buildActionMask = 2147483647;
			files = (
			);
			runOnlyForDeploymentPostprocessing = 0;
		};
/* End PBXFrameworksBuildPhase section */

/* Begin PBXGroup section */
		6E39911E2BB24ACD00AF3C06 = {
			isa = PBXGroup;
			children = (
				6E3991292BB24ACD00AF3C06 /* VariousFunctionPlayGround */,
				6E3991402BB24ACF00AF3C06 /* VariousFunctionPlayGroundTests */,
				6E39914A2BB24ACF00AF3C06 /* VariousFunctionPlayGroundUITests */,
				6E3991282BB24ACD00AF3C06 /* Products */,
			);
			sourceTree = "<group>";
		};
		6E3991282BB24ACD00AF3C06 /* Products */ = {
			isa = PBXGroup;
			children = (
				6E3991272BB24ACD00AF3C06 /* VariousFunctionPlayGround.app */,
				6E39913D2BB24ACF00AF3C06 /* VariousFunctionPlayGroundTests.xctest */,
				6E3991472BB24ACF00AF3C06 /* VariousFunctionPlayGroundUITests.xctest */,
			);
			name = Products;
			sourceTree = "<group>";
		};
		6E3991292BB24ACD00AF3C06 /* VariousFunctionPlayGround */ = {
			isa = PBXGroup;
			children = (
				6E39912A2BB24ACD00AF3C06 /* AppDelegate.swift */,
				6E39912C2BB24ACD00AF3C06 /* SceneDelegate.swift */,
				6E39912E2BB24ACD00AF3C06 /* ViewController.swift */,
				6E3991302BB24ACD00AF3C06 /* Main.storyboard */,
				6E3991332BB24ACF00AF3C06 /* Assets.xcassets */,
				6E3991352BB24ACF00AF3C06 /* LaunchScreen.storyboard */,
				6E3991382BB24ACF00AF3C06 /* Info.plist */,
				6EA4B4B92BB5B1DC00865355 /* sample_image.png */,
				6E3991722BB24D1500AF3C06 /* fish.png */,
				6E3991782BB2519700AF3C06 /* sample.mp3 */,
				6E3991742BB24FB200AF3C06 /* AnimationViewController.swift */,
				6E3991762BB2518600AF3C06 /* SoundViewController.swift */,
				6E39917A2BB253E500AF3C06 /* BrowserViewController.swift */,
				6EA4B4B72BB5ACFD00865355 /* MapViewController.swift */,
				6EA4B4BB2BB5B25300865355 /* ImageFilterViewController.swift */,
			);
			path = VariousFunctionPlayGround;
			sourceTree = "<group>";
		};
		6E3991402BB24ACF00AF3C06 /* VariousFunctionPlayGroundTests */ = {
			isa = PBXGroup;
			children = (
				6E3991412BB24ACF00AF3C06 /* VariousFunctionPlayGroundTests.swift */,
			);
			path = VariousFunctionPlayGroundTests;
			sourceTree = "<group>";
		};
		6E39914A2BB24ACF00AF3C06 /* VariousFunctionPlayGroundUITests */ = {
			isa = PBXGroup;
			children = (
				6E39914B2BB24ACF00AF3C06 /* VariousFunctionPlayGroundUITests.swift */,
				6E39914D2BB24ACF00AF3C06 /* VariousFunctionPlayGroundUITestsLaunchTests.swift */,
			);
			path = VariousFunctionPlayGroundUITests;
			sourceTree = "<group>";
		};
/* End PBXGroup section */

/* Begin PBXNativeTarget section */
		6E3991262BB24ACD00AF3C06 /* VariousFunctionPlayGround */ = {
			isa = PBXNativeTarget;
			buildConfigurationList = 6E3991512BB24ACF00AF3C06 /* Build configuration list for PBXNativeTarget "VariousFunctionPlayGround" */;
			buildPhases = (
				6E3991232BB24ACD00AF3C06 /* Sources */,
				6E3991242BB24ACD00AF3C06 /* Frameworks */,
				6E3991252BB24ACD00AF3C06 /* Resources */,
			);
			buildRules = (
			);
			dependencies = (
			);
			name = VariousFunctionPlayGround;
			productName = VariousFunctionPlayGround;
			productReference = 6E3991272BB24ACD00AF3C06 /* VariousFunctionPlayGround.app */;
			productType = "com.apple.product-type.application";
		};
		6E39913C2BB24ACF00AF3C06 /* VariousFunctionPlayGroundTests */ = {
			isa = PBXNativeTarget;
			buildConfigurationList = 6E3991542BB24ACF00AF3C06 /* Build configuration list for PBXNativeTarget "VariousFunctionPlayGroundTests" */;
			buildPhases = (
				6E3991392BB24ACF00AF3C06 /* Sources */,
				6E39913A2BB24ACF00AF3C06 /* Frameworks */,
				6E39913B2BB24ACF00AF3C06 /* Resources */,
			);
			buildRules = (
			);
			dependencies = (
				6E39913F2BB24ACF00AF3C06 /* PBXTargetDependency */,
			);
			name = VariousFunctionPlayGroundTests;
			productName = VariousFunctionPlayGroundTests;
			productReference = 6E39913D2BB24ACF00AF3C06 /* VariousFunctionPlayGroundTests.xctest */;
			productType = "com.apple.product-type.bundle.unit-test";
		};
		6E3991462BB24ACF00AF3C06 /* VariousFunctionPlayGroundUITests */ = {
			isa = PBXNativeTarget;
			buildConfigurationList = 6E3991572BB24ACF00AF3C06 /* Build configuration list for PBXNativeTarget "VariousFunctionPlayGroundUITests" */;
			buildPhases = (
				6E3991432BB24ACF00AF3C06 /* Sources */,
				6E3991442BB24ACF00AF3C06 /* Frameworks */,
				6E3991452BB24ACF00AF3C06 /* Resources */,
			);
			buildRules = (
			);
			dependencies = (
				6E3991492BB24ACF00AF3C06 /* PBXTargetDependency */,
			);
			name = VariousFunctionPlayGroundUITests;
			productName = VariousFunctionPlayGroundUITests;
			productReference = 6E3991472BB24ACF00AF3C06 /* VariousFunctionPlayGroundUITests.xctest */;
			productType = "com.apple.product-type.bundle.ui-testing";
		};
/* End PBXNativeTarget section */

/* Begin PBXProject section */
		6E39911F2BB24ACD00AF3C06 /* Project object */ = {
			isa = PBXProject;
			attributes = {
				BuildIndependentTargetsInParallel = 1;
				LastSwiftUpdateCheck = 1510;
				LastUpgradeCheck = 1510;
				TargetAttributes = {
					6E3991262BB24ACD00AF3C06 = {
						CreatedOnToolsVersion = 15.1;
					};
					6E39913C2BB24ACF00AF3C06 = {
						CreatedOnToolsVersion = 15.1;
						TestTargetID = 6E3991262BB24ACD00AF3C06;
					};
					6E3991462BB24ACF00AF3C06 = {
						CreatedOnToolsVersion = 15.1;
						TestTargetID = 6E3991262BB24ACD00AF3C06;
					};
				};
			};
			buildConfigurationList = 6E3991222BB24ACD00AF3C06 /* Build configuration list for PBXProject "VariousFunctionPlayGround" */;
			compatibilityVersion = "Xcode 14.0";
			developmentRegion = en;
			hasScannedForEncodings = 0;
			knownRegions = (
				en,
				Base,
			);
			mainGroup = 6E39911E2BB24ACD00AF3C06;
			productRefGroup = 6E3991282BB24ACD00AF3C06 /* Products */;
			projectDirPath = "";
			projectRoot = "";
			targets = (
				6E3991262BB24ACD00AF3C06 /* VariousFunctionPlayGround */,
				6E39913C2BB24ACF00AF3C06 /* VariousFunctionPlayGroundTests */,
				6E3991462BB24ACF00AF3C06 /* VariousFunctionPlayGroundUITests */,
			);
		};
/* End PBXProject section */

/* Begin PBXResourcesBuildPhase section */
		6E3991252BB24ACD00AF3C06 /* Resources */ = {
			isa = PBXResourcesBuildPhase;
			buildActionMask = 2147483647;
			files = (
				6E3991372BB24ACF00AF3C06 /* LaunchScreen.storyboard in Resources */,
				6E3991732BB24D1500AF3C06 /* fish.png in Resources */,
				6E3991342BB24ACF00AF3C06 /* Assets.xcassets in Resources */,
				6EA4B4BA2BB5B1DC00865355 /* sample_image.png in Resources */,
				6E3991322BB24ACD00AF3C06 /* Main.storyboard in Resources */,
				6E3991792BB2519700AF3C06 /* sample.mp3 in Resources */,
			);
			runOnlyForDeploymentPostprocessing = 0;
		};
		6E39913B2BB24ACF00AF3C06 /* Resources */ = {
			isa = PBXResourcesBuildPhase;
			buildActionMask = 2147483647;
			files = (
			);
			runOnlyForDeploymentPostprocessing = 0;
		};
		6E3991452BB24ACF00AF3C06 /* Resources */ = {
			isa = PBXResourcesBuildPhase;
			buildActionMask = 2147483647;
			files = (
			);
			runOnlyForDeploymentPostprocessing = 0;
		};
/* End PBXResourcesBuildPhase section */

/* Begin PBXSourcesBuildPhase section */
		6E3991232BB24ACD00AF3C06 /* Sources */ = {
			isa = PBXSourcesBuildPhase;
			buildActionMask = 2147483647;
			files = (
				6E39912F2BB24ACD00AF3C06 /* ViewController.swift in Sources */,
				6E39917B2BB253E500AF3C06 /* BrowserViewController.swift in Sources */,
				6EA4B4BC2BB5B25300865355 /* ImageFilterViewController.swift in Sources */,
				6E39912B2BB24ACD00AF3C06 /* AppDelegate.swift in Sources */,
				6E39912D2BB24ACD00AF3C06 /* SceneDelegate.swift in Sources */,
				6E3991752BB24FB200AF3C06 /* AnimationViewController.swift in Sources */,
				6E3991772BB2518600AF3C06 /* SoundViewController.swift in Sources */,
				6EA4B4B82BB5ACFD00865355 /* MapViewController.swift in Sources */,
			);
			runOnlyForDeploymentPostprocessing = 0;
		};
		6E3991392BB24ACF00AF3C06 /* Sources */ = {
			isa = PBXSourcesBuildPhase;
			buildActionMask = 2147483647;
			files = (
				6E3991422BB24ACF00AF3C06 /* VariousFunctionPlayGroundTests.swift in Sources */,
			);
			runOnlyForDeploymentPostprocessing = 0;
		};
		6E3991432BB24ACF00AF3C06 /* Sources */ = {
			isa = PBXSourcesBuildPhase;
			buildActionMask = 2147483647;
			files = (
				6E39914C2BB24ACF00AF3C06 /* VariousFunctionPlayGroundUITests.swift in Sources */,
				6E39914E2BB24ACF00AF3C06 /* VariousFunctionPlayGroundUITestsLaunchTests.swift in Sources */,
			);
			runOnlyForDeploymentPostprocessing = 0;
		};
/* End PBXSourcesBuildPhase section */

/* Begin PBXTargetDependency section */
		6E39913F2BB24ACF00AF3C06 /* PBXTargetDependency */ = {
			isa = PBXTargetDependency;
			target = 6E3991262BB24ACD00AF3C06 /* VariousFunctionPlayGround */;
			targetProxy = 6E39913E2BB24ACF00AF3C06 /* PBXContainerItemProxy */;
		};
		6E3991492BB24ACF00AF3C06 /* PBXTargetDependency */ = {
			isa = PBXTargetDependency;
			target = 6E3991262BB24ACD00AF3C06 /* VariousFunctionPlayGround */;
			targetProxy = 6E3991482BB24ACF00AF3C06 /* PBXContainerItemProxy */;
		};
/* End PBXTargetDependency section */

/* Begin PBXVariantGroup section */
		6E3991302BB24ACD00AF3C06 /* Main.storyboard */ = {
			isa = PBXVariantGroup;
			children = (
				6E3991312BB24ACD00AF3C06 /* Base */,
			);
			name = Main.storyboard;
			sourceTree = "<group>";
		};
		6E3991352BB24ACF00AF3C06 /* LaunchScreen.storyboard */ = {
			isa = PBXVariantGroup;
			children = (
				6E3991362BB24ACF00AF3C06 /* Base */,
			);
			name = LaunchScreen.storyboard;
			sourceTree = "<group>";
		};
/* End PBXVariantGroup section */

/* Begin XCBuildConfiguration section */
		6E39914F2BB24ACF00AF3C06 /* Debug */ = {
			isa = XCBuildConfiguration;
			buildSettings = {
				ALWAYS_SEARCH_USER_PATHS = NO;
				ASSETCATALOG_COMPILER_GENERATE_SWIFT_ASSET_SYMBOL_EXTENSIONS = YES;
				CLANG_ANALYZER_NONNULL = YES;
				CLANG_ANALYZER_NUMBER_OBJECT_CONVERSION = YES_AGGRESSIVE;
				CLANG_CXX_LANGUAGE_STANDARD = "gnu++20";
				CLANG_ENABLE_MODULES = YES;
				CLANG_ENABLE_OBJC_ARC = YES;
				CLANG_ENABLE_OBJC_WEAK = YES;
				CLANG_WARN_BLOCK_CAPTURE_AUTORELEASING = YES;
				CLANG_WARN_BOOL_CONVERSION = YES;
				CLANG_WARN_COMMA = YES;
				CLANG_WARN_CONSTANT_CONVERSION = YES;
				CLANG_WARN_DEPRECATED_OBJC_IMPLEMENTATIONS = YES;
				CLANG_WARN_DIRECT_OBJC_ISA_USAGE = YES_ERROR;
				CLANG_WARN_DOCUMENTATION_COMMENTS = YES;
				CLANG_WARN_EMPTY_BODY = YES;
				CLANG_WARN_ENUM_CONVERSION = YES;
				CLANG_WARN_INFINITE_RECURSION = YES;
				CLANG_WARN_INT_CONVERSION = YES;
				CLANG_WARN_NON_LITERAL_NULL_CONVERSION = YES;
				CLANG_WARN_OBJC_IMPLICIT_RETAIN_SELF = YES;
				CLANG_WARN_OBJC_LITERAL_CONVERSION = YES;
				CLANG_WARN_OBJC_ROOT_CLASS = YES_ERROR;
				CLANG_WARN_QUOTED_INCLUDE_IN_FRAMEWORK_HEADER = YES;
				CLANG_WARN_RANGE_LOOP_ANALYSIS = YES;
				CLANG_WARN_STRICT_PROTOTYPES = YES;
				CLANG_WARN_SUSPICIOUS_MOVE = YES;
				CLANG_WARN_UNGUARDED_AVAILABILITY = YES_AGGRESSIVE;
				CLANG_WARN_UNREACHABLE_CODE = YES;
				CLANG_WARN__DUPLICATE_METHOD_MATCH = YES;
				COPY_PHASE_STRIP = NO;
				DEBUG_INFORMATION_FORMAT = dwarf;
				ENABLE_STRICT_OBJC_MSGSEND = YES;
				ENABLE_TESTABILITY = YES;
				ENABLE_USER_SCRIPT_SANDBOXING = YES;
				GCC_C_LANGUAGE_STANDARD = gnu17;
				GCC_DYNAMIC_NO_PIC = NO;
				GCC_NO_COMMON_BLOCKS = YES;
				GCC_OPTIMIZATION_LEVEL = 0;
				GCC_PREPROCESSOR_DEFINITIONS = (
					"DEBUG=1",
					"$(inherited)",
				);
				GCC_WARN_64_TO_32_BIT_CONVERSION = YES;
				GCC_WARN_ABOUT_RETURN_TYPE = YES_ERROR;
				GCC_WARN_UNDECLARED_SELECTOR = YES;
				GCC_WARN_UNINITIALIZED_AUTOS = YES_AGGRESSIVE;
				GCC_WARN_UNUSED_FUNCTION = YES;
				GCC_WARN_UNUSED_VARIABLE = YES;
				IPHONEOS_DEPLOYMENT_TARGET = 17.2;
				LOCALIZATION_PREFERS_STRING_CATALOGS = YES;
				MTL_ENABLE_DEBUG_INFO = INCLUDE_SOURCE;
				MTL_FAST_MATH = YES;
				ONLY_ACTIVE_ARCH = YES;
				SDKROOT = iphoneos;
				SWIFT_ACTIVE_COMPILATION_CONDITIONS = "DEBUG $(inherited)";
				SWIFT_OPTIMIZATION_LEVEL = "-Onone";
			};
			name = Debug;
		};
		6E3991502BB24ACF00AF3C06 /* Release */ = {
			isa = XCBuildConfiguration;
			buildSettings = {
				ALWAYS_SEARCH_USER_PATHS = NO;
				ASSETCATALOG_COMPILER_GENERATE_SWIFT_ASSET_SYMBOL_EXTENSIONS = YES;
				CLANG_ANALYZER_NONNULL = YES;
				CLANG_ANALYZER_NUMBER_OBJECT_CONVERSION = YES_AGGRESSIVE;
				CLANG_CXX_LANGUAGE_STANDARD = "gnu++20";
				CLANG_ENABLE_MODULES = YES;
				CLANG_ENABLE_OBJC_ARC = YES;
				CLANG_ENABLE_OBJC_WEAK = YES;
				CLANG_WARN_BLOCK_CAPTURE_AUTORELEASING = YES;
				CLANG_WARN_BOOL_CONVERSION = YES;
				CLANG_WARN_COMMA = YES;
				CLANG_WARN_CONSTANT_CONVERSION = YES;
				CLANG_WARN_DEPRECATED_OBJC_IMPLEMENTATIONS = YES;
				CLANG_WARN_DIRECT_OBJC_ISA_USAGE = YES_ERROR;
				CLANG_WARN_DOCUMENTATION_COMMENTS = YES;
				CLANG_WARN_EMPTY_BODY = YES;
				CLANG_WARN_ENUM_CONVERSION = YES;
				CLANG_WARN_INFINITE_RECURSION = YES;
				CLANG_WARN_INT_CONVERSION = YES;
				CLANG_WARN_NON_LITERAL_NULL_CONVERSION = YES;
				CLANG_WARN_OBJC_IMPLICIT_RETAIN_SELF = YES;
				CLANG_WARN_OBJC_LITERAL_CONVERSION = YES;
				CLANG_WARN_OBJC_ROOT_CLASS = YES_ERROR;
				CLANG_WARN_QUOTED_INCLUDE_IN_FRAMEWORK_HEADER = YES;
				CLANG_WARN_RANGE_LOOP_ANALYSIS = YES;
				CLANG_WARN_STRICT_PROTOTYPES = YES;
				CLANG_WARN_SUSPICIOUS_MOVE = YES;
				CLANG_WARN_UNGUARDED_AVAILABILITY = YES_AGGRESSIVE;
				CLANG_WARN_UNREACHABLE_CODE = YES;
				CLANG_WARN__DUPLICATE_METHOD_MATCH = YES;
				COPY_PHASE_STRIP = NO;
				DEBUG_INFORMATION_FORMAT = "dwarf-with-dsym";
				ENABLE_NS_ASSERTIONS = NO;
				ENABLE_STRICT_OBJC_MSGSEND = YES;
				ENABLE_USER_SCRIPT_SANDBOXING = YES;
				GCC_C_LANGUAGE_STANDARD = gnu17;
				GCC_NO_COMMON_BLOCKS = YES;
				GCC_WARN_64_TO_32_BIT_CONVERSION = YES;
				GCC_WARN_ABOUT_RETURN_TYPE = YES_ERROR;
				GCC_WARN_UNDECLARED_SELECTOR = YES;
				GCC_WARN_UNINITIALIZED_AUTOS = YES_AGGRESSIVE;
				GCC_WARN_UNUSED_FUNCTION = YES;
				GCC_WARN_UNUSED_VARIABLE = YES;
				IPHONEOS_DEPLOYMENT_TARGET = 17.2;
				LOCALIZATION_PREFERS_STRING_CATALOGS = YES;
				MTL_ENABLE_DEBUG_INFO = NO;
				MTL_FAST_MATH = YES;
				SDKROOT = iphoneos;
				SWIFT_COMPILATION_MODE = wholemodule;
				VALIDATE_PRODUCT = YES;
			};
			name = Release;
		};
		6E3991522BB24ACF00AF3C06 /* Debug */ = {
			isa = XCBuildConfiguration;
			buildSettings = {
				ASSETCATALOG_COMPILER_APPICON_NAME = AppIcon;
				ASSETCATALOG_COMPILER_GLOBAL_ACCENT_COLOR_NAME = AccentColor;
				CODE_SIGN_STYLE = Automatic;
				CURRENT_PROJECT_VERSION = 1;
				GENERATE_INFOPLIST_FILE = YES;
				INFOPLIST_FILE = VariousFunctionPlayGround/Info.plist;
				INFOPLIST_KEY_UIApplicationSupportsIndirectInputEvents = YES;
				INFOPLIST_KEY_UILaunchStoryboardName = LaunchScreen;
				INFOPLIST_KEY_UIMainStoryboardFile = Main;
				INFOPLIST_KEY_UISupportedInterfaceOrientations_iPad = "UIInterfaceOrientationPortrait UIInterfaceOrientationPortraitUpsideDown UIInterfaceOrientationLandscapeLeft UIInterfaceOrientationLandscapeRight";
				INFOPLIST_KEY_UISupportedInterfaceOrientations_iPhone = "UIInterfaceOrientationPortrait UIInterfaceOrientationLandscapeLeft UIInterfaceOrientationLandscapeRight";
				LD_RUNPATH_SEARCH_PATHS = (
					"$(inherited)",
					"@executable_path/Frameworks",
				);
				MARKETING_VERSION = 1.0;
				PRODUCT_BUNDLE_IDENTIFIER = com.omooooori.VariousFunctionPlayGround;
				PRODUCT_NAME = "$(TARGET_NAME)";
				SWIFT_EMIT_LOC_STRINGS = YES;
				SWIFT_VERSION = 5.0;
				TARGETED_DEVICE_FAMILY = "1,2";
			};
			name = Debug;
		};
		6E3991532BB24ACF00AF3C06 /* Release */ = {
			isa = XCBuildConfiguration;
			buildSettings = {
				ASSETCATALOG_COMPILER_APPICON_NAME = AppIcon;
				ASSETCATALOG_COMPILER_GLOBAL_ACCENT_COLOR_NAME = AccentColor;
				CODE_SIGN_STYLE = Automatic;
				CURRENT_PROJECT_VERSION = 1;
				GENERATE_INFOPLIST_FILE = YES;
				INFOPLIST_FILE = VariousFunctionPlayGround/Info.plist;
				INFOPLIST_KEY_UIApplicationSupportsIndirectInputEvents = YES;
				INFOPLIST_KEY_UILaunchStoryboardName = LaunchScreen;
				INFOPLIST_KEY_UIMainStoryboardFile = Main;
				INFOPLIST_KEY_UISupportedInterfaceOrientations_iPad = "UIInterfaceOrientationPortrait UIInterfaceOrientationPortraitUpsideDown UIInterfaceOrientationLandscapeLeft UIInterfaceOrientationLandscapeRight";
				INFOPLIST_KEY_UISupportedInterfaceOrientations_iPhone = "UIInterfaceOrientationPortrait UIInterfaceOrientationLandscapeLeft UIInterfaceOrientationLandscapeRight";
				LD_RUNPATH_SEARCH_PATHS = (
					"$(inherited)",
					"@executable_path/Frameworks",
				);
				MARKETING_VERSION = 1.0;
				PRODUCT_BUNDLE_IDENTIFIER = com.omooooori.VariousFunctionPlayGround;
				PRODUCT_NAME = "$(TARGET_NAME)";
				SWIFT_EMIT_LOC_STRINGS = YES;
				SWIFT_VERSION = 5.0;
				TARGETED_DEVICE_FAMILY = "1,2";
			};
			name = Release;
		};
		6E3991552BB24ACF00AF3C06 /* Debug */ = {
			isa = XCBuildConfiguration;
			buildSettings = {
				ALWAYS_EMBED_SWIFT_STANDARD_LIBRARIES = YES;
				BUNDLE_LOADER = "$(TEST_HOST)";
				CODE_SIGN_STYLE = Automatic;
				CURRENT_PROJECT_VERSION = 1;
				GENERATE_INFOPLIST_FILE = YES;
				IPHONEOS_DEPLOYMENT_TARGET = 17.2;
				MARKETING_VERSION = 1.0;
				PRODUCT_BUNDLE_IDENTIFIER = com.omooooori.VariousFunctionPlayGroundTests;
				PRODUCT_NAME = "$(TARGET_NAME)";
				SWIFT_EMIT_LOC_STRINGS = NO;
				SWIFT_VERSION = 5.0;
				TARGETED_DEVICE_FAMILY = "1,2";
				TEST_HOST = "$(BUILT_PRODUCTS_DIR)/VariousFunctionPlayGround.app/$(BUNDLE_EXECUTABLE_FOLDER_PATH)/VariousFunctionPlayGround";
			};
			name = Debug;
		};
		6E3991562BB24ACF00AF3C06 /* Release */ = {
			isa = XCBuildConfiguration;
			buildSettings = {
				ALWAYS_EMBED_SWIFT_STANDARD_LIBRARIES = YES;
				BUNDLE_LOADER = "$(TEST_HOST)";
				CODE_SIGN_STYLE = Automatic;
				CURRENT_PROJECT_VERSION = 1;
				GENERATE_INFOPLIST_FILE = YES;
				IPHONEOS_DEPLOYMENT_TARGET = 17.2;
				MARKETING_VERSION = 1.0;
				PRODUCT_BUNDLE_IDENTIFIER = com.omooooori.VariousFunctionPlayGroundTests;
				PRODUCT_NAME = "$(TARGET_NAME)";
				SWIFT_EMIT_LOC_STRINGS = NO;
				SWIFT_VERSION = 5.0;
				TARGETED_DEVICE_FAMILY = "1,2";
				TEST_HOST = "$(BUILT_PRODUCTS_DIR)/VariousFunctionPlayGround.app/$(BUNDLE_EXECUTABLE_FOLDER_PATH)/VariousFunctionPlayGround";
			};
			name = Release;
		};
		6E3991582BB24ACF00AF3C06 /* Debug */ = {
			isa = XCBuildConfiguration;
			buildSettings = {
				ALWAYS_EMBED_SWIFT_STANDARD_LIBRARIES = YES;
				CODE_SIGN_STYLE = Automatic;
				CURRENT_PROJECT_VERSION = 1;
				GENERATE_INFOPLIST_FILE = YES;
				MARKETING_VERSION = 1.0;
				PRODUCT_BUNDLE_IDENTIFIER = com.omooooori.VariousFunctionPlayGroundUITests;
				PRODUCT_NAME = "$(TARGET_NAME)";
				SWIFT_EMIT_LOC_STRINGS = NO;
				SWIFT_VERSION = 5.0;
				TARGETED_DEVICE_FAMILY = "1,2";
				TEST_TARGET_NAME = VariousFunctionPlayGround;
			};
			name = Debug;
		};
		6E3991592BB24ACF00AF3C06 /* Release */ = {
			isa = XCBuildConfiguration;
			buildSettings = {
				ALWAYS_EMBED_SWIFT_STANDARD_LIBRARIES = YES;
				CODE_SIGN_STYLE = Automatic;
				CURRENT_PROJECT_VERSION = 1;
				GENERATE_INFOPLIST_FILE = YES;
				MARKETING_VERSION = 1.0;
				PRODUCT_BUNDLE_IDENTIFIER = com.omooooori.VariousFunctionPlayGroundUITests;
				PRODUCT_NAME = "$(TARGET_NAME)";
				SWIFT_EMIT_LOC_STRINGS = NO;
				SWIFT_VERSION = 5.0;
				TARGETED_DEVICE_FAMILY = "1,2";
				TEST_TARGET_NAME = VariousFunctionPlayGround;
			};
			name = Release;
		};
/* End XCBuildConfiguration section */

/* Begin XCConfigurationList section */
		6E3991222BB24ACD00AF3C06 /* Build configuration list for PBXProject "VariousFunctionPlayGround" */ = {
			isa = XCConfigurationList;
			buildConfigurations = (
				6E39914F2BB24ACF00AF3C06 /* Debug */,
				6E3991502BB24ACF00AF3C06 /* Release */,
			);
			defaultConfigurationIsVisible = 0;
			defaultConfigurationName = Release;
		};
		6E3991512BB24ACF00AF3C06 /* Build configuration list for PBXNativeTarget "VariousFunctionPlayGround" */ = {
			isa = XCConfigurationList;
			buildConfigurations = (
				6E3991522BB24ACF00AF3C06 /* Debug */,
				6E3991532BB24ACF00AF3C06 /* Release */,
			);
			defaultConfigurationIsVisible = 0;
			defaultConfigurationName = Release;
		};
		6E3991542BB24ACF00AF3C06 /* Build configuration list for PBXNativeTarget "VariousFunctionPlayGroundTests" */ = {
			isa = XCConfigurationList;
			buildConfigurations = (
				6E3991552BB24ACF00AF3C06 /* Debug */,
				6E3991562BB24ACF00AF3C06 /* Release */,
			);
			defaultConfigurationIsVisible = 0;
			defaultConfigurationName = Release;
		};
		6E3991572BB24ACF00AF3C06 /* Build configuration list for PBXNativeTarget "VariousFunctionPlayGroundUITests" */ = {
			isa = XCConfigurationList;
			buildConfigurations = (
				6E3991582BB24ACF00AF3C06 /* Debug */,
				6E3991592BB24ACF00AF3C06 /* Release */,
			);
			defaultConfigurationIsVisible = 0;
			defaultConfigurationName = Release;
		};
/* End XCConfigurationList section */
	};
	rootObject = 6E39911F2BB24ACD00AF3C06 /* Project object */;
}
